
Microsoft Visual Studio Solution File, Format Version 12.00
# Visual Studio 15
VisualStudioVersion = 15.0.25618.0
MinimumVisualStudioVersion = 10.0.40219.1
Project("{FAE04EC0-301F-11D3-BF4B-00C04F79EFBC}") = "PopSharp", "PopSharp\PopSharp.csproj", "{E77F1714-3851-4E17-B382-8FFE5DC74C62}"
EndProject
Project("{FAE04EC0-301F-11D3-BF4B-00C04F79EFBC}") = "PopSharpClient", "PopSharpClient\PopSharpClient.csproj", "{2648581F-8C05-49BF-BEE3-82289FCD992C}"
	ProjectSection(ProjectDependencies) = postProject
		{E77F1714-3851-4E17-B382-8FFE5DC74C62} = {E77F1714-3851-4E17-B382-8FFE5DC74C62}
	EndProjectSection
EndProject
Global
	GlobalSection(SolutionConfigurationPlatforms) = preSolution
		Debug|Any CPU = Debug|Any CPU
		Release|Any CPU = Release|Any CPU
	EndGlobalSection
	GlobalSection(ProjectConfigurationPlatforms) = postSolution
		{E77F1714-3851-4E17-B382-8FFE5DC74C62}.Debug|Any CPU.ActiveCfg = Debug|Any CPU
		{E77F1714-3851-4E17-B382-8FFE5DC74C62}.Debug|Any CPU.Build.0 = Debug|Any CPU
		{E77F1714-3851-4E17-B382-8FFE5DC74C62}.Release|Any CPU.ActiveCfg = Release|Any CPU
		{E77F1714-3851-4E17-B382-8FFE5DC74C62}.Release|Any CPU.Build.0 = Release|Any CPU
		{2648581F-8C05-49BF-BEE3-82289FCD992C}.Debug|Any CPU.ActiveCfg = Debug|Any CPU
		{2648581F-8C05-49BF-BEE3-82289FCD992C}.Debug|Any CPU.Build.0 = Debug|Any CPU
		{2648581F-8C05-49BF-BEE3-82289FCD992C}.Release|Any CPU.ActiveCfg = Release|Any CPU
		{2648581F-8C05-49BF-BEE3-82289FCD992C}.Release|Any CPU.Build.0 = Release|Any CPU
	EndGlobalSection
	GlobalSection(SolutionProperties) = preSolution
		HideSolutionNode = FALSE
	EndGlobalSection
EndGlobal
